
Microsoft Visual Studio Solution File, Format Version 12.00
# Visual Studio Version 17
VisualStudioVersion = 17.0.31903.59
MinimumVisualStudioVersion = 10.0.40219.1
Project("{2150E333-8FDC-42A3-9474-1A3956D46DE8}") = "1.Presentation", "1.Presentation", "{C20321B0-858B-E43F-F185-D88715D6DC61}"
EndProject
Project("{2150E333-8FDC-42A3-9474-1A3956D46DE8}") = "2.Application", "2.Application", "{E571D462-F66C-64C5-BCED-56A0622E8DEC}"
EndProject
Project("{2150E333-8FDC-42A3-9474-1A3956D46DE8}") = "3.Domain", "3.Domain", "{10018770-B015-C6EA-DCFF-D4A00F1A0E4F}"
EndProject
Project("{2150E333-8FDC-42A3-9474-1A3956D46DE8}") = "4.Infra", "4.Infra", "{26761E56-61BB-D341-D797-FB2B3EB49378}"
EndProject
Project("{2150E333-8FDC-42A3-9474-1A3956D46DE8}") = "5.Tests", "5.Tests", "{D06599BA-8851-4249-1BB3-B188914D186B}"
EndProject
Project("{FAE04EC0-301F-11D3-BF4B-00C04F79EFBC}") = "SDV.Domain", "src\3.Domain\SDV.Domain\SDV.Domain.csproj", "{0DF487FE-7CC5-470A-B24B-9AB738A3BD70}"
EndProject
Project("{FAE04EC0-301F-11D3-BF4B-00C04F79EFBC}") = "SDV.Infra.Data", "src\4.Infra\SDV.Infra.Data\SDV.Infra.Data.csproj", "{25FCF7EF-D963-4CEB-99A0-5BB0FE482650}"
EndProject
Project("{FAE04EC0-301F-11D3-BF4B-00C04F79EFBC}") = "SDV.Infra.IoC", "src\4.Infra\SDV.Infra.IoC\SDV.Infra.IoC.csproj", "{E2F1CE0C-88FD-434E-A0BA-8A8C9D99AB4B}"
EndProject
Project("{FAE04EC0-301F-11D3-BF4B-00C04F79EFBC}") = "SDV.Infra.Vault", "src\4.Infra\SDV.Infra.Vault\SDV.Infra.Vault.csproj", "{7AE1A42F-CE1A-4943-9156-993F9FBE992E}"
EndProject
Project("{FAE04EC0-301F-11D3-BF4B-00C04F79EFBC}") = "SDV.Infra.Consul", "src\4.Infra\SDV.Infra.Consul\SDV.Infra.Consul.csproj", "{8E5D1355-9599-41A9-93C5-7C8C334AFB66}"
EndProject
Project("{FAE04EC0-301F-11D3-BF4B-00C04F79EFBC}") = "SDV.Infra.Cache", "src\4.Infra\SDV.Infra.Cache\SDV.Infra.Cache.csproj", "{BFA004C3-0B1C-4EBB-BAE9-BA2D9B97D6F6}"
EndProject
Project("{FAE04EC0-301F-11D3-BF4B-00C04F79EFBC}") = "SDV.Infra.RateLimit", "src\4.Infra\SDV.Infra.RateLimit\SDV.Infra.RateLimit.csproj", "{8A85B5EC-D83B-42FD-9F26-338AF5045733}"
EndProject
Project("{FAE04EC0-301F-11D3-BF4B-00C04F79EFBC}") = "SDV.Application", "src\2.Application\SDV.Application\SDV.Application.csproj", "{A423C5ED-68AA-4549-A849-23E35FE50A60}"
EndProject
Project("{FAE04EC0-301F-11D3-BF4B-00C04F79EFBC}") = "SDV.Api", "src\1.Presentation\SDV.Api\SDV.Api.csproj", "{FDF74064-62B6-4E23-BCB3-71380E3067AC}"
EndProject
Project("{FAE04EC0-301F-11D3-BF4B-00C04F79EFBC}") = "SDV.Tests", "tests\SDV.Tests\SDV.Tests.csproj", "{C0EB9A01-5A1D-4762-AE58-914E526773A6}"
EndProject
Project("{FAE04EC0-301F-11D3-BF4B-00C04F79EFBC}") = "SDV.Infra.File", "src\4.Infra\SDV.Infra.File\SDV.Infra.File.csproj", "{324A217B-C75F-4059-8BA5-BA747B891A94}"
EndProject
Project("{2150E333-8FDC-42A3-9474-1A3956D46DE8}") = "6.Libs", "6.Libs", "{5955FC42-9BD5-46D1-9FB6-01ED3A903E5C}"
EndProject
Project("{FAE04EC0-301F-11D3-BF4B-00C04F79EFBC}") = "PagarmeApiSDK.Standard", "src\6.Libs\PagarmeApiSDK.Standard\PagarmeApiSDK.Standard.csproj", "{511FB1F3-D036-4DD5-815F-8E5F68DA58C8}"
EndProject
Project("{FAE04EC0-301F-11D3-BF4B-00C04F79EFBC}") = "SDV.Infra.Gateway", "src\4.Infra\SDV.Infra.Gateway\SDV.Infra.Gateway.csproj", "{CA583191-3277-4969-88C5-3D5E3EC7668B}"
EndProject
Global
	GlobalSection(SolutionConfigurationPlatforms) = preSolution
		Debug|Any CPU = Debug|Any CPU
		Release|Any CPU = Release|Any CPU
	EndGlobalSection
	GlobalSection(ProjectConfigurationPlatforms) = postSolution
		{0DF487FE-7CC5-470A-B24B-9AB738A3BD70}.Debug|Any CPU.ActiveCfg = Debug|Any CPU
		{0DF487FE-7CC5-470A-B24B-9AB738A3BD70}.Debug|Any CPU.Build.0 = Debug|Any CPU
		{0DF487FE-7CC5-470A-B24B-9AB738A3BD70}.Release|Any CPU.ActiveCfg = Release|Any CPU
		{0DF487FE-7CC5-470A-B24B-9AB738A3BD70}.Release|Any CPU.Build.0 = Release|Any CPU
		{25FCF7EF-D963-4CEB-99A0-5BB0FE482650}.Debug|Any CPU.ActiveCfg = Debug|Any CPU
		{25FCF7EF-D963-4CEB-99A0-5BB0FE482650}.Debug|Any CPU.Build.0 = Debug|Any CPU
		{25FCF7EF-D963-4CEB-99A0-5BB0FE482650}.Release|Any CPU.ActiveCfg = Release|Any CPU
		{25FCF7EF-D963-4CEB-99A0-5BB0FE482650}.Release|Any CPU.Build.0 = Release|Any CPU
		{E2F1CE0C-88FD-434E-A0BA-8A8C9D99AB4B}.Debug|Any CPU.ActiveCfg = Debug|Any CPU
		{E2F1CE0C-88FD-434E-A0BA-8A8C9D99AB4B}.Debug|Any CPU.Build.0 = Debug|Any CPU
		{E2F1CE0C-88FD-434E-A0BA-8A8C9D99AB4B}.Release|Any CPU.ActiveCfg = Release|Any CPU
		{E2F1CE0C-88FD-434E-A0BA-8A8C9D99AB4B}.Release|Any CPU.Build.0 = Release|Any CPU
		{7AE1A42F-CE1A-4943-9156-993F9FBE992E}.Debug|Any CPU.ActiveCfg = Debug|Any CPU
		{7AE1A42F-CE1A-4943-9156-993F9FBE992E}.Debug|Any CPU.Build.0 = Debug|Any CPU
		{7AE1A42F-CE1A-4943-9156-993F9FBE992E}.Release|Any CPU.ActiveCfg = Release|Any CPU
		{7AE1A42F-CE1A-4943-9156-993F9FBE992E}.Release|Any CPU.Build.0 = Release|Any CPU
		{8E5D1355-9599-41A9-93C5-7C8C334AFB66}.Debug|Any CPU.ActiveCfg = Debug|Any CPU
		{8E5D1355-9599-41A9-93C5-7C8C334AFB66}.Debug|Any CPU.Build.0 = Debug|Any CPU
		{8E5D1355-9599-41A9-93C5-7C8C334AFB66}.Release|Any CPU.ActiveCfg = Release|Any CPU
		{8E5D1355-9599-41A9-93C5-7C8C334AFB66}.Release|Any CPU.Build.0 = Release|Any CPU
		{BFA004C3-0B1C-4EBB-BAE9-BA2D9B97D6F6}.Debug|Any CPU.ActiveCfg = Debug|Any CPU
		{BFA004C3-0B1C-4EBB-BAE9-BA2D9B97D6F6}.Debug|Any CPU.Build.0 = Debug|Any CPU
		{BFA004C3-0B1C-4EBB-BAE9-BA2D9B97D6F6}.Release|Any CPU.ActiveCfg = Release|Any CPU
		{BFA004C3-0B1C-4EBB-BAE9-BA2D9B97D6F6}.Release|Any CPU.Build.0 = Release|Any CPU
		{8A85B5EC-D83B-42FD-9F26-338AF5045733}.Debug|Any CPU.ActiveCfg = Debug|Any CPU
		{8A85B5EC-D83B-42FD-9F26-338AF5045733}.Debug|Any CPU.Build.0 = Debug|Any CPU
		{8A85B5EC-D83B-42FD-9F26-338AF5045733}.Release|Any CPU.ActiveCfg = Release|Any CPU
		{8A85B5EC-D83B-42FD-9F26-338AF5045733}.Release|Any CPU.Build.0 = Release|Any CPU
		{A423C5ED-68AA-4549-A849-23E35FE50A60}.Debug|Any CPU.ActiveCfg = Debug|Any CPU
		{A423C5ED-68AA-4549-A849-23E35FE50A60}.Debug|Any CPU.Build.0 = Debug|Any CPU
		{A423C5ED-68AA-4549-A849-23E35FE50A60}.Release|Any CPU.ActiveCfg = Release|Any CPU
		{A423C5ED-68AA-4549-A849-23E35FE50A60}.Release|Any CPU.Build.0 = Release|Any CPU
		{FDF74064-62B6-4E23-BCB3-71380E3067AC}.Debug|Any CPU.ActiveCfg = Debug|Any CPU
		{FDF74064-62B6-4E23-BCB3-71380E3067AC}.Debug|Any CPU.Build.0 = Debug|Any CPU
		{FDF74064-62B6-4E23-BCB3-71380E3067AC}.Release|Any CPU.ActiveCfg = Release|Any CPU
		{FDF74064-62B6-4E23-BCB3-71380E3067AC}.Release|Any CPU.Build.0 = Release|Any CPU
		{C0EB9A01-5A1D-4762-AE58-914E526773A6}.Debug|Any CPU.ActiveCfg = Debug|Any CPU
		{C0EB9A01-5A1D-4762-AE58-914E526773A6}.Debug|Any CPU.Build.0 = Debug|Any CPU
		{C0EB9A01-5A1D-4762-AE58-914E526773A6}.Release|Any CPU.ActiveCfg = Release|Any CPU
		{C0EB9A01-5A1D-4762-AE58-914E526773A6}.Release|Any CPU.Build.0 = Release|Any CPU
		{324A217B-C75F-4059-8BA5-BA747B891A94}.Debug|Any CPU.ActiveCfg = Debug|Any CPU
		{324A217B-C75F-4059-8BA5-BA747B891A94}.Debug|Any CPU.Build.0 = Debug|Any CPU
		{324A217B-C75F-4059-8BA5-BA747B891A94}.Release|Any CPU.ActiveCfg = Release|Any CPU
		{324A217B-C75F-4059-8BA5-BA747B891A94}.Release|Any CPU.Build.0 = Release|Any CPU
		{511FB1F3-D036-4DD5-815F-8E5F68DA58C8}.Debug|Any CPU.ActiveCfg = Debug|Any CPU
		{511FB1F3-D036-4DD5-815F-8E5F68DA58C8}.Debug|Any CPU.Build.0 = Debug|Any CPU
		{511FB1F3-D036-4DD5-815F-8E5F68DA58C8}.Release|Any CPU.ActiveCfg = Release|Any CPU
		{511FB1F3-D036-4DD5-815F-8E5F68DA58C8}.Release|Any CPU.Build.0 = Release|Any CPU
		{CA583191-3277-4969-88C5-3D5E3EC7668B}.Debug|Any CPU.ActiveCfg = Debug|Any CPU
		{CA583191-3277-4969-88C5-3D5E3EC7668B}.Debug|Any CPU.Build.0 = Debug|Any CPU
		{CA583191-3277-4969-88C5-3D5E3EC7668B}.Release|Any CPU.ActiveCfg = Release|Any CPU
		{CA583191-3277-4969-88C5-3D5E3EC7668B}.Release|Any CPU.Build.0 = Release|Any CPU
	EndGlobalSection
	GlobalSection(SolutionProperties) = preSolution
		HideSolutionNode = FALSE
	EndGlobalSection
	GlobalSection(NestedProjects) = preSolution
		{0DF487FE-7CC5-470A-B24B-9AB738A3BD70} = {10018770-B015-C6EA-DCFF-D4A00F1A0E4F}
		{25FCF7EF-D963-4CEB-99A0-5BB0FE482650} = {26761E56-61BB-D341-D797-FB2B3EB49378}
		{E2F1CE0C-88FD-434E-A0BA-8A8C9D99AB4B} = {26761E56-61BB-D341-D797-FB2B3EB49378}
		{7AE1A42F-CE1A-4943-9156-993F9FBE992E} = {26761E56-61BB-D341-D797-FB2B3EB49378}
		{8E5D1355-9599-41A9-93C5-7C8C334AFB66} = {26761E56-61BB-D341-D797-FB2B3EB49378}
		{BFA004C3-0B1C-4EBB-BAE9-BA2D9B97D6F6} = {26761E56-61BB-D341-D797-FB2B3EB49378}
		{8A85B5EC-D83B-42FD-9F26-338AF5045733} = {26761E56-61BB-D341-D797-FB2B3EB49378}
		{A423C5ED-68AA-4549-A849-23E35FE50A60} = {E571D462-F66C-64C5-BCED-56A0622E8DEC}
		{FDF74064-62B6-4E23-BCB3-71380E3067AC} = {C20321B0-858B-E43F-F185-D88715D6DC61}
		{C0EB9A01-5A1D-4762-AE58-914E526773A6} = {D06599BA-8851-4249-1BB3-B188914D186B}
		{324A217B-C75F-4059-8BA5-BA747B891A94} = {26761E56-61BB-D341-D797-FB2B3EB49378}
		{511FB1F3-D036-4DD5-815F-8E5F68DA58C8} = {5955FC42-9BD5-46D1-9FB6-01ED3A903E5C}
		{CA583191-3277-4969-88C5-3D5E3EC7668B} = {26761E56-61BB-D341-D797-FB2B3EB49378}
	EndGlobalSection
EndGlobal
