Microsoft Visual Studio Solution File, Format Version 12.00
# Visual Studio Version 17
VisualStudioVersion = 17.5.2.0
MinimumVisualStudioVersion = 10.0.40219.1
Project("{2150E333-8FDC-42A3-9474-1A3956D46DE8}") = "4.Infra", "4.Infra", "{26761E56-61BB-D341-D797-FB2B3EB49378}"
EndProject
Project("{2150E333-8FDC-42A3-9474-1A3956D46DE8}") = "1.Presentation", "1.Presentation", "{C20321B0-858B-E43F-F185-D88715D6DC61}"
EndProject
Project("{2150E333-8FDC-42A3-9474-1A3956D46DE8}") = "5.Tests", "5.Tests", "{D06599BA-8851-4249-1BB3-B188914D186B}"
EndProject
Project("{2150E333-8FDC-42A3-9474-1A3956D46DE8}") = "2.Application", "2.Application", "{E571D462-F66C-64C5-BCED-56A0622E8DEC}"
EndProject
Project("{2150E333-8FDC-42A3-9474-1A3956D46DE8}") = "3.Domain", "3.Domain", "{10018770-B015-C6EA-DCFF-D4A00F1A0E4F}"
EndProject
Project("{FAE04EC0-301F-11D3-BF4B-00C04F79EFBC}") = "SDV.Infra.Consul", "4.Infra\SDV.Infra.Consul\SDV.Infra.Consul.csproj", "{19D7F53F-65A6-A2B6-1356-DDAC7988A892}"
EndProject
Project("{FAE04EC0-301F-11D3-BF4B-00C04F79EFBC}") = "SDV.Infra.IoC", "4.Infra\SDV.Infra.IoC\SDV.Infra.IoC.csproj", "{A5B2DF0F-F5BC-A4A7-7B6A-0154A0647C49}"
EndProject
Project("{FAE04EC0-301F-11D3-BF4B-00C04F79EFBC}") = "Infra.Cache", "4.Infra\Infra.Cache\Infra.Cache.csproj", "{66ACAF27-0141-7DD4-A25F-A67BF6785BDC}"
EndProject
Project("{FAE04EC0-301F-11D3-BF4B-00C04F79EFBC}") = "SDV.Infra.Data", "4.Infra\SDV.Infra.Data\SDV.Infra.Data.csproj", "{F8C8963D-229C-C060-4D12-C2CA06B7BC9C}"
EndProject
Project("{FAE04EC0-301F-11D3-BF4B-00C04F79EFBC}") = "SDV.Infra.Vault", "4.Infra\SDV.Infra.Vault\SDV.Infra.Vault.csproj", "{D750AAF7-809C-0B9B-2A91-1B06D4E5D563}"
EndProject
Project("{FAE04EC0-301F-11D3-BF4B-00C04F79EFBC}") = "Infra.RateLimit", "4.Infra\Infra.RateLimit\Infra.RateLimit.csproj", "{5320DCE0-9BF2-A244-88BE-FD21A5DEBAF1}"
EndProject
Project("{FAE04EC0-301F-11D3-BF4B-00C04F79EFBC}") = "SDV.Api", "1.Presentation\SDV.Api\SDV.Api.csproj", "{B2F5A5FF-B936-3174-5D34-A113E30DC34C}"
EndProject
Project("{FAE04EC0-301F-11D3-BF4B-00C04F79EFBC}") = "SDV.Tests", "5.Tests\SDV.Tests\SDV.Tests.csproj", "{F5AAE39B-0DA4-AE83-5903-A0D1CF4760E2}"
EndProject
Project("{FAE04EC0-301F-11D3-BF4B-00C04F79EFBC}") = "SDV.Application", "2.Application\SDV.Application\SDV.Application.csproj", "{BB29A262-7349-4FF5-4FA0-44F4DD2264F2}"
EndProject
Project("{FAE04EC0-301F-11D3-BF4B-00C04F79EFBC}") = "SDV.Domain", "3.Domain\SDV.Domain\SDV.Domain.csproj", "{EF589680-6A1D-6B17-4291-E8D27904223F}"
EndProject
Global
	GlobalSection(SolutionConfigurationPlatforms) = preSolution
		Debug|Any CPU = Debug|Any CPU
		Release|Any CPU = Release|Any CPU
	EndGlobalSection
	GlobalSection(ProjectConfigurationPlatforms) = postSolution
		{19D7F53F-65A6-A2B6-1356-DDAC7988A892}.Debug|Any CPU.ActiveCfg = Debug|Any CPU
		{19D7F53F-65A6-A2B6-1356-DDAC7988A892}.Debug|Any CPU.Build.0 = Debug|Any CPU
		{19D7F53F-65A6-A2B6-1356-DDAC7988A892}.Release|Any CPU.ActiveCfg = Release|Any CPU
		{19D7F53F-65A6-A2B6-1356-DDAC7988A892}.Release|Any CPU.Build.0 = Release|Any CPU
		{A5B2DF0F-F5BC-A4A7-7B6A-0154A0647C49}.Debug|Any CPU.ActiveCfg = Debug|Any CPU
		{A5B2DF0F-F5BC-A4A7-7B6A-0154A0647C49}.Debug|Any CPU.Build.0 = Debug|Any CPU
		{A5B2DF0F-F5BC-A4A7-7B6A-0154A0647C49}.Release|Any CPU.ActiveCfg = Release|Any CPU
		{A5B2DF0F-F5BC-A4A7-7B6A-0154A0647C49}.Release|Any CPU.Build.0 = Release|Any CPU
		{66ACAF27-0141-7DD4-A25F-A67BF6785BDC}.Debug|Any CPU.ActiveCfg = Debug|Any CPU
		{66ACAF27-0141-7DD4-A25F-A67BF6785BDC}.Debug|Any CPU.Build.0 = Debug|Any CPU
		{66ACAF27-0141-7DD4-A25F-A67BF6785BDC}.Release|Any CPU.ActiveCfg = Release|Any CPU
		{66ACAF27-0141-7DD4-A25F-A67BF6785BDC}.Release|Any CPU.Build.0 = Release|Any CPU
		{F8C8963D-229C-C060-4D12-C2CA06B7BC9C}.Debug|Any CPU.ActiveCfg = Debug|Any CPU
		{F8C8963D-229C-C060-4D12-C2CA06B7BC9C}.Debug|Any CPU.Build.0 = Debug|Any CPU
		{F8C8963D-229C-C060-4D12-C2CA06B7BC9C}.Release|Any CPU.ActiveCfg = Release|Any CPU
		{F8C8963D-229C-C060-4D12-C2CA06B7BC9C}.Release|Any CPU.Build.0 = Release|Any CPU
		{D750AAF7-809C-0B9B-2A91-1B06D4E5D563}.Debug|Any CPU.ActiveCfg = Debug|Any CPU
		{D750AAF7-809C-0B9B-2A91-1B06D4E5D563}.Debug|Any CPU.Build.0 = Debug|Any CPU
		{D750AAF7-809C-0B9B-2A91-1B06D4E5D563}.Release|Any CPU.ActiveCfg = Release|Any CPU
		{D750AAF7-809C-0B9B-2A91-1B06D4E5D563}.Release|Any CPU.Build.0 = Release|Any CPU
		{5320DCE0-9BF2-A244-88BE-FD21A5DEBAF1}.Debug|Any CPU.ActiveCfg = Debug|Any CPU
		{5320DCE0-9BF2-A244-88BE-FD21A5DEBAF1}.Debug|Any CPU.Build.0 = Debug|Any CPU
		{5320DCE0-9BF2-A244-88BE-FD21A5DEBAF1}.Release|Any CPU.ActiveCfg = Release|Any CPU
		{5320DCE0-9BF2-A244-88BE-FD21A5DEBAF1}.Release|Any CPU.Build.0 = Release|Any CPU
		{B2F5A5FF-B936-3174-5D34-A113E30DC34C}.Debug|Any CPU.ActiveCfg = Debug|Any CPU
		{B2F5A5FF-B936-3174-5D34-A113E30DC34C}.Debug|Any CPU.Build.0 = Debug|Any CPU
		{B2F5A5FF-B936-3174-5D34-A113E30DC34C}.Release|Any CPU.ActiveCfg = Release|Any CPU
		{B2F5A5FF-B936-3174-5D34-A113E30DC34C}.Release|Any CPU.Build.0 = Release|Any CPU
		{F5AAE39B-0DA4-AE83-5903-A0D1CF4760E2}.Debug|Any CPU.ActiveCfg = Debug|Any CPU
		{F5AAE39B-0DA4-AE83-5903-A0D1CF4760E2}.Debug|Any CPU.Build.0 = Debug|Any CPU
		{F5AAE39B-0DA4-AE83-5903-A0D1CF4760E2}.Release|Any CPU.ActiveCfg = Release|Any CPU
		{F5AAE39B-0DA4-AE83-5903-A0D1CF4760E2}.Release|Any CPU.Build.0 = Release|Any CPU
		{BB29A262-7349-4FF5-4FA0-44F4DD2264F2}.Debug|Any CPU.ActiveCfg = Debug|Any CPU
		{BB29A262-7349-4FF5-4FA0-44F4DD2264F2}.Debug|Any CPU.Build.0 = Debug|Any CPU
		{BB29A262-7349-4FF5-4FA0-44F4DD2264F2}.Release|Any CPU.ActiveCfg = Release|Any CPU
		{BB29A262-7349-4FF5-4FA0-44F4DD2264F2}.Release|Any CPU.Build.0 = Release|Any CPU
		{EF589680-6A1D-6B17-4291-E8D27904223F}.Debug|Any CPU.ActiveCfg = Debug|Any CPU
		{EF589680-6A1D-6B17-4291-E8D27904223F}.Debug|Any CPU.Build.0 = Debug|Any CPU
		{EF589680-6A1D-6B17-4291-E8D27904223F}.Release|Any CPU.ActiveCfg = Release|Any CPU
		{EF589680-6A1D-6B17-4291-E8D27904223F}.Release|Any CPU.Build.0 = Release|Any CPU
	EndGlobalSection
	GlobalSection(SolutionProperties) = preSolution
		HideSolutionNode = FALSE
	EndGlobalSection
	GlobalSection(NestedProjects) = preSolution
		{19D7F53F-65A6-A2B6-1356-DDAC7988A892} = {26761E56-61BB-D341-D797-FB2B3EB49378}
		{A5B2DF0F-F5BC-A4A7-7B6A-0154A0647C49} = {26761E56-61BB-D341-D797-FB2B3EB49378}
		{66ACAF27-0141-7DD4-A25F-A67BF6785BDC} = {26761E56-61BB-D341-D797-FB2B3EB49378}
		{F8C8963D-229C-C060-4D12-C2CA06B7BC9C} = {26761E56-61BB-D341-D797-FB2B3EB49378}
		{D750AAF7-809C-0B9B-2A91-1B06D4E5D563} = {26761E56-61BB-D341-D797-FB2B3EB49378}
		{5320DCE0-9BF2-A244-88BE-FD21A5DEBAF1} = {26761E56-61BB-D341-D797-FB2B3EB49378}
		{B2F5A5FF-B936-3174-5D34-A113E30DC34C} = {C20321B0-858B-E43F-F185-D88715D6DC61}
		{F5AAE39B-0DA4-AE83-5903-A0D1CF4760E2} = {D06599BA-8851-4249-1BB3-B188914D186B}
		{BB29A262-7349-4FF5-4FA0-44F4DD2264F2} = {E571D462-F66C-64C5-BCED-56A0622E8DEC}
		{EF589680-6A1D-6B17-4291-E8D27904223F} = {10018770-B015-C6EA-DCFF-D4A00F1A0E4F}
	EndGlobalSection
	GlobalSection(ExtensibilityGlobals) = postSolution
		SolutionGuid = {D93918D6-715C-4C36-8C8E-CD0B71F930F5}
	EndGlobalSection
EndGlobal
